
Microsoft Visual Studio Solution File, Format Version 12.00
# Visual Studio 15
VisualStudioVersion = 15.0.27428.2002
MinimumVisualStudioVersion = 10.0.40219.1
Project("{A0786B88-2ADB-4C21-ABE8-AA2D79766269}") = "projekt", "projekt\projekt.phpproj", "{47759077-BCEE-4E9B-AE42-82BA7A12A77B}"
EndProject
Global
	GlobalSection(SolutionConfigurationPlatforms) = preSolution
		Debug|Any CPU = Debug|Any CPU
		Release|Any CPU = Release|Any CPU
	EndGlobalSection
	GlobalSection(ProjectConfigurationPlatforms) = postSolution
		{47759077-BCEE-4E9B-AE42-82BA7A12A77B}.Debug|Any CPU.ActiveCfg = Debug|Any CPU
		{47759077-BCEE-4E9B-AE42-82BA7A12A77B}.Release|Any CPU.ActiveCfg = Release|Any CPU
	EndGlobalSection
	GlobalSection(SolutionProperties) = preSolution
		HideSolutionNode = FALSE
	EndGlobalSection
	GlobalSection(ExtensibilityGlobals) = postSolution
		SolutionGuid = {5AE0357A-BB11-4623-8166-0A1837A4DD97}
	EndGlobalSection
EndGlobal
